
Microsoft Visual Studio Solution File, Format Version 12.00
# Visual Studio Version 17
VisualStudioVersion = 17.14.36414.22 d17.14
MinimumVisualStudioVersion = 10.0.40219.1
Project("{FAE04EC0-301F-11D3-BF4B-00C04F79EFBC}") = "KnxMqttBridge", "KnxMqttBridge\KnxMqttBridge.csproj", "{D9D28DA8-E2E6-45B1-A781-1AD8C282C000}"
EndProject
Global
	GlobalSection(SolutionConfigurationPlatforms) = preSolution
		Debug|Any CPU = Debug|Any CPU
		Release|Any CPU = Release|Any CPU
	EndGlobalSection
	GlobalSection(ProjectConfigurationPlatforms) = postSolution
		{D9D28DA8-E2E6-45B1-A781-1AD8C282C000}.Debug|Any CPU.ActiveCfg = Debug|Any CPU
		{D9D28DA8-E2E6-45B1-A781-1AD8C282C000}.Debug|Any CPU.Build.0 = Debug|Any CPU
		{D9D28DA8-E2E6-45B1-A781-1AD8C282C000}.Release|Any CPU.ActiveCfg = Release|Any CPU
		{D9D28DA8-E2E6-45B1-A781-1AD8C282C000}.Release|Any CPU.Build.0 = Release|Any CPU
	EndGlobalSection
	GlobalSection(SolutionProperties) = preSolution
		HideSolutionNode = FALSE
	EndGlobalSection
	GlobalSection(ExtensibilityGlobals) = postSolution
		SolutionGuid = {B63C9B40-CA00-427C-B5CE-4A2BABA2346B}
	EndGlobalSection
EndGlobal
