
Microsoft Visual Studio Solution File, Format Version 12.00
# Visual Studio Version 17
VisualStudioVersion = 17.14.36414.22
MinimumVisualStudioVersion = 10.0.40219.1
Project("{FAE04EC0-301F-11D3-BF4B-00C04F79EFBC}") = "KnxMqttBridge", "KnxMqttBridge\KnxMqttBridge.csproj", "{D9D28DA8-E2E6-45B1-A781-1AD8C282C000}"
EndProject
Project("{FAE04EC0-301F-11D3-BF4B-00C04F79EFBC}") = "KnxMqttBridge.Tests", "KnxMqttBridge.Tests\KnxMqttBridge.Tests.csproj", "{52E7840A-551F-430C-ADAC-58C6E0818F19}"
EndProject
Global
	GlobalSection(SolutionConfigurationPlatforms) = preSolution
		Debug|Any CPU = Debug|Any CPU
		Debug|x64 = Debug|x64
		Debug|x86 = Debug|x86
		Release|Any CPU = Release|Any CPU
		Release|x64 = Release|x64
		Release|x86 = Release|x86
	EndGlobalSection
	GlobalSection(ProjectConfigurationPlatforms) = postSolution
		{D9D28DA8-E2E6-45B1-A781-1AD8C282C000}.Debug|Any CPU.ActiveCfg = Debug|Any CPU
		{D9D28DA8-E2E6-45B1-A781-1AD8C282C000}.Debug|Any CPU.Build.0 = Debug|Any CPU
		{D9D28DA8-E2E6-45B1-A781-1AD8C282C000}.Debug|x64.ActiveCfg = Debug|Any CPU
		{D9D28DA8-E2E6-45B1-A781-1AD8C282C000}.Debug|x64.Build.0 = Debug|Any CPU
		{D9D28DA8-E2E6-45B1-A781-1AD8C282C000}.Debug|x86.ActiveCfg = Debug|Any CPU
		{D9D28DA8-E2E6-45B1-A781-1AD8C282C000}.Debug|x86.Build.0 = Debug|Any CPU
		{D9D28DA8-E2E6-45B1-A781-1AD8C282C000}.Release|Any CPU.ActiveCfg = Release|Any CPU
		{D9D28DA8-E2E6-45B1-A781-1AD8C282C000}.Release|Any CPU.Build.0 = Release|Any CPU
		{D9D28DA8-E2E6-45B1-A781-1AD8C282C000}.Release|x64.ActiveCfg = Release|Any CPU
		{D9D28DA8-E2E6-45B1-A781-1AD8C282C000}.Release|x64.Build.0 = Release|Any CPU
		{D9D28DA8-E2E6-45B1-A781-1AD8C282C000}.Release|x86.ActiveCfg = Release|Any CPU
		{D9D28DA8-E2E6-45B1-A781-1AD8C282C000}.Release|x86.Build.0 = Release|Any CPU
		{52E7840A-551F-430C-ADAC-58C6E0818F19}.Debug|Any CPU.ActiveCfg = Debug|Any CPU
		{52E7840A-551F-430C-ADAC-58C6E0818F19}.Debug|Any CPU.Build.0 = Debug|Any CPU
		{52E7840A-551F-430C-ADAC-58C6E0818F19}.Debug|x64.ActiveCfg = Debug|Any CPU
		{52E7840A-551F-430C-ADAC-58C6E0818F19}.Debug|x64.Build.0 = Debug|Any CPU
		{52E7840A-551F-430C-ADAC-58C6E0818F19}.Debug|x86.ActiveCfg = Debug|Any CPU
		{52E7840A-551F-430C-ADAC-58C6E0818F19}.Debug|x86.Build.0 = Debug|Any CPU
		{52E7840A-551F-430C-ADAC-58C6E0818F19}.Release|Any CPU.ActiveCfg = Release|Any CPU
		{52E7840A-551F-430C-ADAC-58C6E0818F19}.Release|Any CPU.Build.0 = Release|Any CPU
		{52E7840A-551F-430C-ADAC-58C6E0818F19}.Release|x64.ActiveCfg = Release|Any CPU
		{52E7840A-551F-430C-ADAC-58C6E0818F19}.Release|x64.Build.0 = Release|Any CPU
		{52E7840A-551F-430C-ADAC-58C6E0818F19}.Release|x86.ActiveCfg = Release|Any CPU
		{52E7840A-551F-430C-ADAC-58C6E0818F19}.Release|x86.Build.0 = Release|Any CPU
	EndGlobalSection
	GlobalSection(SolutionProperties) = preSolution
		HideSolutionNode = FALSE
	EndGlobalSection
	GlobalSection(ExtensibilityGlobals) = postSolution
		SolutionGuid = {B63C9B40-CA00-427C-B5CE-4A2BABA2346B}
	EndGlobalSection
EndGlobal
